
Microsoft Visual Studio Solution File, Format Version 12.00
# Visual Studio 14
VisualStudioVersion = 14.0.23107.0
MinimumVisualStudioVersion = 10.0.40219.1
Project("{FAE04EC0-301F-11D3-BF4B-00C04F79EFBC}") = "Dewey.CLI", "Dewey.CLI\Dewey.CLI.csproj", "{16B953D3-5F0C-4847-977D-F508A257C982}"
EndProject
Project("{FAE04EC0-301F-11D3-BF4B-00C04F79EFBC}") = "Dewey.Manifest", "Manifest\Dewey.Manifest.csproj", "{00EA83DA-674D-4FFC-8E63-4C3A37A79CF9}"
EndProject
Project("{FAE04EC0-301F-11D3-BF4B-00C04F79EFBC}") = "Dewey.Test", "Dewey.Test\Dewey.Test.csproj", "{8F96AC59-2297-4885-B5A7-8D286CE8DAB6}"
EndProject
Project("{FAE04EC0-301F-11D3-BF4B-00C04F79EFBC}") = "Dewey.File", "Dewey.File\Dewey.File.csproj", "{9078B56E-2979-4BD4-ABF7-34EED2662E29}"
EndProject
Project("{FAE04EC0-301F-11D3-BF4B-00C04F79EFBC}") = "Dewey.Messaging", "Dewey.Messaging\Dewey.Messaging.csproj", "{A3986E8A-3009-41B1-8636-0C431305255C}"
EndProject
Project("{FAE04EC0-301F-11D3-BF4B-00C04F79EFBC}") = "Dewey.ListItems", "Dewey.ListItems\Dewey.ListItems.csproj", "{B2561B13-71EF-45CC-BDEA-615556C22283}"
EndProject
Project("{2150E333-8FDC-42A3-9474-1A3956D46DE8}") = "Commands", "Commands", "{C769EC16-EAF7-41FE-94BF-8171D6A5E559}"
EndProject
Project("{FAE04EC0-301F-11D3-BF4B-00C04F79EFBC}") = "Dewey.Build", "Dewey.Build\Dewey.Build.csproj", "{B1E2A5FD-E29C-4F59-A169-8D5896AA8840}"
EndProject
Project("{FAE04EC0-301F-11D3-BF4B-00C04F79EFBC}") = "Dewey.Deploy", "Dewey.Deploy\Dewey.Deploy.csproj", "{C6F16C2B-A471-408D-A22F-BC75BFD11699}"
EndProject
Project("{2150E333-8FDC-42A3-9474-1A3956D46DE8}") = "Tests", "Tests", "{CF4C934E-00D5-44FF-BFED-7E2A156934B7}"
EndProject
Project("{FAE04EC0-301F-11D3-BF4B-00C04F79EFBC}") = "Dewey.Build.Test", "Dewey.Build.Test\Dewey.Build.Test.csproj", "{ED0DA4DA-688E-48B9-84BE-4A92FC285663}"
EndProject
Global
	GlobalSection(SolutionConfigurationPlatforms) = preSolution
		Debug|Any CPU = Debug|Any CPU
		Release|Any CPU = Release|Any CPU
	EndGlobalSection
	GlobalSection(ProjectConfigurationPlatforms) = postSolution
		{16B953D3-5F0C-4847-977D-F508A257C982}.Debug|Any CPU.ActiveCfg = Debug|Any CPU
		{16B953D3-5F0C-4847-977D-F508A257C982}.Debug|Any CPU.Build.0 = Debug|Any CPU
		{16B953D3-5F0C-4847-977D-F508A257C982}.Release|Any CPU.ActiveCfg = Release|Any CPU
		{16B953D3-5F0C-4847-977D-F508A257C982}.Release|Any CPU.Build.0 = Release|Any CPU
		{00EA83DA-674D-4FFC-8E63-4C3A37A79CF9}.Debug|Any CPU.ActiveCfg = Debug|Any CPU
		{00EA83DA-674D-4FFC-8E63-4C3A37A79CF9}.Debug|Any CPU.Build.0 = Debug|Any CPU
		{00EA83DA-674D-4FFC-8E63-4C3A37A79CF9}.Release|Any CPU.ActiveCfg = Release|Any CPU
		{00EA83DA-674D-4FFC-8E63-4C3A37A79CF9}.Release|Any CPU.Build.0 = Release|Any CPU
		{8F96AC59-2297-4885-B5A7-8D286CE8DAB6}.Debug|Any CPU.ActiveCfg = Debug|Any CPU
		{8F96AC59-2297-4885-B5A7-8D286CE8DAB6}.Debug|Any CPU.Build.0 = Debug|Any CPU
		{8F96AC59-2297-4885-B5A7-8D286CE8DAB6}.Release|Any CPU.ActiveCfg = Release|Any CPU
		{8F96AC59-2297-4885-B5A7-8D286CE8DAB6}.Release|Any CPU.Build.0 = Release|Any CPU
		{9078B56E-2979-4BD4-ABF7-34EED2662E29}.Debug|Any CPU.ActiveCfg = Debug|Any CPU
		{9078B56E-2979-4BD4-ABF7-34EED2662E29}.Debug|Any CPU.Build.0 = Debug|Any CPU
		{9078B56E-2979-4BD4-ABF7-34EED2662E29}.Release|Any CPU.ActiveCfg = Release|Any CPU
		{9078B56E-2979-4BD4-ABF7-34EED2662E29}.Release|Any CPU.Build.0 = Release|Any CPU
		{A3986E8A-3009-41B1-8636-0C431305255C}.Debug|Any CPU.ActiveCfg = Debug|Any CPU
		{A3986E8A-3009-41B1-8636-0C431305255C}.Debug|Any CPU.Build.0 = Debug|Any CPU
		{A3986E8A-3009-41B1-8636-0C431305255C}.Release|Any CPU.ActiveCfg = Release|Any CPU
		{A3986E8A-3009-41B1-8636-0C431305255C}.Release|Any CPU.Build.0 = Release|Any CPU
		{B2561B13-71EF-45CC-BDEA-615556C22283}.Debug|Any CPU.ActiveCfg = Debug|Any CPU
		{B2561B13-71EF-45CC-BDEA-615556C22283}.Debug|Any CPU.Build.0 = Debug|Any CPU
		{B2561B13-71EF-45CC-BDEA-615556C22283}.Release|Any CPU.ActiveCfg = Release|Any CPU
		{B2561B13-71EF-45CC-BDEA-615556C22283}.Release|Any CPU.Build.0 = Release|Any CPU
		{B1E2A5FD-E29C-4F59-A169-8D5896AA8840}.Debug|Any CPU.ActiveCfg = Debug|Any CPU
		{B1E2A5FD-E29C-4F59-A169-8D5896AA8840}.Debug|Any CPU.Build.0 = Debug|Any CPU
		{B1E2A5FD-E29C-4F59-A169-8D5896AA8840}.Release|Any CPU.ActiveCfg = Release|Any CPU
		{B1E2A5FD-E29C-4F59-A169-8D5896AA8840}.Release|Any CPU.Build.0 = Release|Any CPU
		{C6F16C2B-A471-408D-A22F-BC75BFD11699}.Debug|Any CPU.ActiveCfg = Debug|Any CPU
		{C6F16C2B-A471-408D-A22F-BC75BFD11699}.Debug|Any CPU.Build.0 = Debug|Any CPU
		{C6F16C2B-A471-408D-A22F-BC75BFD11699}.Release|Any CPU.ActiveCfg = Release|Any CPU
		{C6F16C2B-A471-408D-A22F-BC75BFD11699}.Release|Any CPU.Build.0 = Release|Any CPU
		{ED0DA4DA-688E-48B9-84BE-4A92FC285663}.Debug|Any CPU.ActiveCfg = Debug|Any CPU
		{ED0DA4DA-688E-48B9-84BE-4A92FC285663}.Debug|Any CPU.Build.0 = Debug|Any CPU
		{ED0DA4DA-688E-48B9-84BE-4A92FC285663}.Release|Any CPU.ActiveCfg = Release|Any CPU
		{ED0DA4DA-688E-48B9-84BE-4A92FC285663}.Release|Any CPU.Build.0 = Release|Any CPU
	EndGlobalSection
	GlobalSection(SolutionProperties) = preSolution
		HideSolutionNode = FALSE
	EndGlobalSection
	GlobalSection(NestedProjects) = preSolution
		{8F96AC59-2297-4885-B5A7-8D286CE8DAB6} = {CF4C934E-00D5-44FF-BFED-7E2A156934B7}
		{B2561B13-71EF-45CC-BDEA-615556C22283} = {C769EC16-EAF7-41FE-94BF-8171D6A5E559}
		{B1E2A5FD-E29C-4F59-A169-8D5896AA8840} = {C769EC16-EAF7-41FE-94BF-8171D6A5E559}
		{C6F16C2B-A471-408D-A22F-BC75BFD11699} = {C769EC16-EAF7-41FE-94BF-8171D6A5E559}
		{ED0DA4DA-688E-48B9-84BE-4A92FC285663} = {CF4C934E-00D5-44FF-BFED-7E2A156934B7}
	EndGlobalSection
EndGlobal
